Microsoft Visual Studio Solution File, Format Version 7.00
Project("{8BC9CEB8-8B4A-11D0-8D11-00A0C91BC942}") = "cryptlib", "..\..\crypto\cryptlib.vcproj", "{7789FE06-CD8F-4620-AA6C-658DC34F3684}"
EndProject
Project("{8BC9CEB8-8B4A-11D0-8D11-00A0C91BC942}") = "libGM", "..\..\lib\libGM.vcproj", "{1DBFEA12-14E4-4931-86FD-628E8C8CF219}"
EndProject
Project("{8BC9CEB8-8B4A-11D0-8D11-00A0C91BC942}") = "wxgui", "wxgui.vcproj", "{A0E25F62-74F9-4002-B94D-7A6342B2D5F0}"
EndProject
Global
	GlobalSection(SourceCodeControl) = preSolution
		SccNumberOfProjects = 1
		SccProjectUniqueName0 = ..\\..\\crypto\\cryptlib.vcproj
		SccProjectName0 = \u0022$/cryptlib\u0022,\u0020BAAAAAAA
		SccLocalPath0 = ..\\..\\crypto
		SccProvider0 = MSSCCI:Microsoft\u0020Visual\u0020SourceSafe
	EndGlobalSection
	GlobalSection(SolutionConfiguration) = preSolution
		ConfigName.0 = Debug
		ConfigName.1 = Debug DLL
		ConfigName.2 = Debug Unicode
		ConfigName.3 = Debug Unicode DLL
		ConfigName.4 = Release
		ConfigName.5 = Release DLL
		ConfigName.6 = Release Static
		ConfigName.7 = Release Unicode
		ConfigName.8 = Release Unicode DLL
	EndGlobalSection
	GlobalSection(ProjectDependencies) = postSolution
		{1DBFEA12-14E4-4931-86FD-628E8C8CF219}.0 = {7789FE06-CD8F-4620-AA6C-658DC34F3684}
		{A0E25F62-74F9-4002-B94D-7A6342B2D5F0}.0 = {1DBFEA12-14E4-4931-86FD-628E8C8CF219}
	EndGlobalSection
	GlobalSection(ProjectConfiguration) = postSolution
		{7789FE06-CD8F-4620-AA6C-658DC34F3684}.Debug.ActiveCfg = Debug|Win32
		{7789FE06-CD8F-4620-AA6C-658DC34F3684}.Debug.Build.0 = Debug|Win32
		{7789FE06-CD8F-4620-AA6C-658DC34F3684}.Debug DLL.ActiveCfg = Debug|Win32
		{7789FE06-CD8F-4620-AA6C-658DC34F3684}.Debug DLL.Build.0 = Debug|Win32
		{7789FE06-CD8F-4620-AA6C-658DC34F3684}.Debug Unicode.ActiveCfg = Debug|Win32
		{7789FE06-CD8F-4620-AA6C-658DC34F3684}.Debug Unicode.Build.0 = Debug|Win32
		{7789FE06-CD8F-4620-AA6C-658DC34F3684}.Debug Unicode DLL.ActiveCfg = Debug|Win32
		{7789FE06-CD8F-4620-AA6C-658DC34F3684}.Debug Unicode DLL.Build.0 = Debug|Win32
		{7789FE06-CD8F-4620-AA6C-658DC34F3684}.Release.ActiveCfg = Release|Win32
		{7789FE06-CD8F-4620-AA6C-658DC34F3684}.Release.Build.0 = Release|Win32
		{7789FE06-CD8F-4620-AA6C-658DC34F3684}.Release DLL.ActiveCfg = Release|Win32
		{7789FE06-CD8F-4620-AA6C-658DC34F3684}.Release DLL.Build.0 = Release|Win32
		{7789FE06-CD8F-4620-AA6C-658DC34F3684}.Release Static.ActiveCfg = Release Static|Win32
		{7789FE06-CD8F-4620-AA6C-658DC34F3684}.Release Static.Build.0 = Release Static|Win32
		{7789FE06-CD8F-4620-AA6C-658DC34F3684}.Release Unicode.ActiveCfg = Release|Win32
		{7789FE06-CD8F-4620-AA6C-658DC34F3684}.Release Unicode.Build.0 = Release|Win32
		{7789FE06-CD8F-4620-AA6C-658DC34F3684}.Release Unicode DLL.ActiveCfg = Release|Win32
		{7789FE06-CD8F-4620-AA6C-658DC34F3684}.Release Unicode DLL.Build.0 = Release|Win32
		{1DBFEA12-14E4-4931-86FD-628E8C8CF219}.Debug.ActiveCfg = Debug|Win32
		{1DBFEA12-14E4-4931-86FD-628E8C8CF219}.Debug.Build.0 = Debug|Win32
		{1DBFEA12-14E4-4931-86FD-628E8C8CF219}.Debug DLL.ActiveCfg = Debug|Win32
		{1DBFEA12-14E4-4931-86FD-628E8C8CF219}.Debug DLL.Build.0 = Debug|Win32
		{1DBFEA12-14E4-4931-86FD-628E8C8CF219}.Debug Unicode.ActiveCfg = Debug|Win32
		{1DBFEA12-14E4-4931-86FD-628E8C8CF219}.Debug Unicode.Build.0 = Debug|Win32
		{1DBFEA12-14E4-4931-86FD-628E8C8CF219}.Debug Unicode DLL.ActiveCfg = Debug|Win32
		{1DBFEA12-14E4-4931-86FD-628E8C8CF219}.Debug Unicode DLL.Build.0 = Debug|Win32
		{1DBFEA12-14E4-4931-86FD-628E8C8CF219}.Release.ActiveCfg = Release|Win32
		{1DBFEA12-14E4-4931-86FD-628E8C8CF219}.Release.Build.0 = Release|Win32
		{1DBFEA12-14E4-4931-86FD-628E8C8CF219}.Release DLL.ActiveCfg = Release|Win32
		{1DBFEA12-14E4-4931-86FD-628E8C8CF219}.Release DLL.Build.0 = Release|Win32
		{1DBFEA12-14E4-4931-86FD-628E8C8CF219}.Release Static.ActiveCfg = Release|Win32
		{1DBFEA12-14E4-4931-86FD-628E8C8CF219}.Release Static.Build.0 = Release|Win32
		{1DBFEA12-14E4-4931-86FD-628E8C8CF219}.Release Unicode.ActiveCfg = Release|Win32
		{1DBFEA12-14E4-4931-86FD-628E8C8CF219}.Release Unicode.Build.0 = Release|Win32
		{1DBFEA12-14E4-4931-86FD-628E8C8CF219}.Release Unicode DLL.ActiveCfg = Release|Win32
		{1DBFEA12-14E4-4931-86FD-628E8C8CF219}.Release Unicode DLL.Build.0 = Release|Win32
		{A0E25F62-74F9-4002-B94D-7A6342B2D5F0}.Debug.ActiveCfg = Debug|Win32
		{A0E25F62-74F9-4002-B94D-7A6342B2D5F0}.Debug.Build.0 = Debug|Win32
		{A0E25F62-74F9-4002-B94D-7A6342B2D5F0}.Debug DLL.ActiveCfg = Debug DLL|Win32
		{A0E25F62-74F9-4002-B94D-7A6342B2D5F0}.Debug DLL.Build.0 = Debug DLL|Win32
		{A0E25F62-74F9-4002-B94D-7A6342B2D5F0}.Debug Unicode.ActiveCfg = Debug DLL|Win32
		{A0E25F62-74F9-4002-B94D-7A6342B2D5F0}.Debug Unicode.Build.0 = Debug DLL|Win32
		{A0E25F62-74F9-4002-B94D-7A6342B2D5F0}.Debug Unicode DLL.ActiveCfg = Debug DLL|Win32
		{A0E25F62-74F9-4002-B94D-7A6342B2D5F0}.Debug Unicode DLL.Build.0 = Debug DLL|Win32
		{A0E25F62-74F9-4002-B94D-7A6342B2D5F0}.Release.ActiveCfg = Release|Win32
		{A0E25F62-74F9-4002-B94D-7A6342B2D5F0}.Release.Build.0 = Release|Win32
		{A0E25F62-74F9-4002-B94D-7A6342B2D5F0}.Release DLL.ActiveCfg = Release|Win32
		{A0E25F62-74F9-4002-B94D-7A6342B2D5F0}.Release DLL.Build.0 = Release|Win32
		{A0E25F62-74F9-4002-B94D-7A6342B2D5F0}.Release Static.ActiveCfg = Release|Win32
		{A0E25F62-74F9-4002-B94D-7A6342B2D5F0}.Release Static.Build.0 = Release|Win32
		{A0E25F62-74F9-4002-B94D-7A6342B2D5F0}.Release Unicode.ActiveCfg = Release|Win32
		{A0E25F62-74F9-4002-B94D-7A6342B2D5F0}.Release Unicode.Build.0 = Release|Win32
		{A0E25F62-74F9-4002-B94D-7A6342B2D5F0}.Release Unicode DLL.ActiveCfg = Release|Win32
		{A0E25F62-74F9-4002-B94D-7A6342B2D5F0}.Release Unicode DLL.Build.0 = Release|Win32
	EndGlobalSection
	GlobalSection(ExtensibilityGlobals) = postSolution
	EndGlobalSection
	GlobalSection(ExtensibilityAddIns) = postSolution
	EndGlobalSection
EndGlobal
